
Microsoft Visual Studio Solution File, Format Version 12.00
# Visual Studio Version 16
VisualStudioVersion = 16.0.30128.74
MinimumVisualStudioVersion = 10.0.40219.1
Project("{9A19103F-16F7-4668-BE54-9A1E7A4F7556}") = "MVC_Test", "MVC_Test.csproj", "{762626D2-2692-4DC6-A06D-E03EC718BDEB}"
EndProject
Global
	GlobalSection(SolutionConfigurationPlatforms) = preSolution
		Debug|Any CPU = Debug|Any CPU
		Release|Any CPU = Release|Any CPU
	EndGlobalSection
	GlobalSection(ProjectConfigurationPlatforms) = postSolution
		{762626D2-2692-4DC6-A06D-E03EC718BDEB}.Debug|Any CPU.ActiveCfg = Debug|Any CPU
		{762626D2-2692-4DC6-A06D-E03EC718BDEB}.Debug|Any CPU.Build.0 = Debug|Any CPU
		{762626D2-2692-4DC6-A06D-E03EC718BDEB}.Release|Any CPU.ActiveCfg = Release|Any CPU
		{762626D2-2692-4DC6-A06D-E03EC718BDEB}.Release|Any CPU.Build.0 = Release|Any CPU
	EndGlobalSection
	GlobalSection(SolutionProperties) = preSolution
		HideSolutionNode = FALSE
	EndGlobalSection
	GlobalSection(ExtensibilityGlobals) = postSolution
		SolutionGuid = {36DCB456-D036-4F8B-B06B-234A0AB813B3}
	EndGlobalSection
EndGlobal
